<?xml version="1.0" encoding="utf-8"?>
<Project ToolsVersion="4.0" xmlns="http://schemas.microsoft.com/developer/msbuild/2003">
  <ItemGroup>
    <ClCompile Include="..\..\UnitTest++\AssertException.cpp" />
    <ClCompile Include="..\..\UnitTest++\Checks.cpp" />
    <ClCompile Include="..\..\UnitTest++\CompositeTestReporter.cpp" />
    <ClCompile Include="..\..\UnitTest++\CurrentTest.cpp" />
    <ClCompile Include="..\..\UnitTest++\DeferredTestReporter.cpp" />
    <ClCompile Include="..\..\UnitTest++\DeferredTestResult.cpp" />
    <ClCompile Include="..\..\UnitTest++\MemoryOutStream.cpp" />
    <ClCompile Include="..\..\UnitTest++\ReportAssert.cpp" />
    <ClCompile Include="..\..\UnitTest++\Test.cpp" />
    <ClCompile Include="..\..\UnitTest++\TestDetails.cpp" />
    <ClCompile Include="..\..\UnitTest++\TestList.cpp" />
    <ClCompile Include="..\..\UnitTest++\TestReporter.cpp" />
    <ClCompile Include="..\..\UnitTest++\TestReporterStdout.cpp" />
    <ClCompile Include="..\..\UnitTest++\TestResults.cpp" />
    <ClCompile Include="..\..\UnitTest++\TestRunner.cpp" />
    <ClCompile Include="..\..\UnitTest++\TimeConstraint.cpp" />
    <ClCompile Include="..\..\UnitTest++\XmlTestReporter.cpp" />
    <ClCompile Include="..\..\UnitTest++\Win32\TimeHelpers.cpp">
      <Filter>Win32</Filter>
    </ClCompile>
  </ItemGroup>
  <ItemGroup>
    <ClInclude Include="..\..\UnitTest++\AssertException.h" />
    <ClInclude Include="..\..\UnitTest++\CheckMacros.h" />
    <ClInclude Include="..\..\UnitTest++\Checks.h" />
    <ClInclude Include="..\..\UnitTest++\CompositeTestReporter.h" />
    <ClInclude Include="..\..\UnitTest++\Config.h" />
    <ClInclude Include="..\..\UnitTest++\CurrentTest.h" />
    <ClInclude Include="..\..\UnitTest++\DeferredTestReporter.h" />
    <ClInclude Include="..\..\UnitTest++\DeferredTestResult.h" />
    <ClInclude Include="..\..\UnitTest++\ExceptionMacros.h" />
    <ClInclude Include="..\..\UnitTest++\ExecuteTest.h" />
    <ClInclude Include="..\..\UnitTest++\HelperMacros.h" />
    <ClInclude Include="..\..\UnitTest++\MemoryOutStream.h" />
    <ClInclude Include="..\..\UnitTest++\ReportAssert.h" />
    <ClInclude Include="..\..\UnitTest++\ReportAssertImpl.h" />
    <ClInclude Include="..\..\UnitTest++\Test.h" />
    <ClInclude Include="..\..\UnitTest++\TestDetails.h" />
    <ClInclude Include="..\..\UnitTest++\TestList.h" />
    <ClInclude Include="..\..\UnitTest++\TestMacros.h" />
    <ClInclude Include="..\..\UnitTest++\TestReporter.h" />
    <ClInclude Include="..\..\UnitTest++\TestReporterStdout.h" />
    <ClInclude Include="..\..\UnitTest++\TestResults.h" />
    <ClInclude Include="..\..\UnitTest++\TestRunner.h" />
    <ClInclude Include="..\..\UnitTest++\TestSuite.h" />
    <ClInclude Include="..\..\UnitTest++\TimeConstraint.h" />
    <ClInclude Include="..\..\UnitTest++\TimeHelpers.h" />
    <ClInclude Include="..\..\UnitTest++\UnitTest++.h" />
    <ClInclude Include="..\..\UnitTest++\UnitTestPP.h" />
    <ClInclude Include="..\..\UnitTest++\XmlTestReporter.h" />
    <ClInclude Include="..\..\UnitTest++\Win32\TimeHelpers.h">
      <Filter>Win32</Filter>
    </ClInclude>
  </ItemGroup>
  <ItemGroup>
    <Filter Include="Win32">
      <UniqueIdentifier>{0E6D11F1-BD64-469A-BBC0-AF98B7FFF0CA}</UniqueIdentifier>
    </Filter>
  </ItemGroup>
</Project>
