Microsoft Visual Studio Solution File, Format Version 11.00
# Visual Studio 2010
Project("{8BC9CEB8-8B4A-11D0-8D11-00A0C91BC942}") = "TestUnitTest++", "TestUnitTest++.vcxproj", "{EF97DD98-4A0A-4AEF-A834-A0DC02FAFFC0}"
	ProjectSection(ProjectDependencies) = postProject
		{59739FC9-D084-4B2E-BFEA-28D91A9BD3F8} = {59739FC9-D084-4B2E-BFEA-28D91A9BD3F8}
	EndProjectSection
EndProject
Project("{8BC9CEB8-8B4A-11D0-8D11-00A0C91BC942}") = "UnitTest++", "UnitTest++.vcxproj", "{59739FC9-D084-4B2E-BFEA-28D91A9BD3F8}"
EndProject
Global
	GlobalSection(SolutionConfigurationPlatforms) = preSolution
		Debug|Win32 = Debug|Win32
		MinSizeRel|Win32 = MinSizeRel|Win32
		Release|Win32 = Release|Win32
		RelWithDebInfo|Win32 = RelWithDebInfo|Win32
	EndGlobalSection
	GlobalSection(ProjectConfigurationPlatforms) = postSolution
		{EF97DD98-4A0A-4AEF-A834-A0DC02FAFFC0}.Debug|Win32.ActiveCfg = Debug|Win32
		{EF97DD98-4A0A-4AEF-A834-A0DC02FAFFC0}.Debug|Win32.Build.0 = Debug|Win32
		{EF97DD98-4A0A-4AEF-A834-A0DC02FAFFC0}.MinSizeRel|Win32.ActiveCfg = MinSizeRel|Win32
		{EF97DD98-4A0A-4AEF-A834-A0DC02FAFFC0}.MinSizeRel|Win32.Build.0 = MinSizeRel|Win32
		{EF97DD98-4A0A-4AEF-A834-A0DC02FAFFC0}.Release|Win32.ActiveCfg = Release|Win32
		{EF97DD98-4A0A-4AEF-A834-A0DC02FAFFC0}.Release|Win32.Build.0 = Release|Win32
		{EF97DD98-4A0A-4AEF-A834-A0DC02FAFFC0}.RelWithDebInfo|Win32.ActiveCfg = RelWithDebInfo|Win32
		{EF97DD98-4A0A-4AEF-A834-A0DC02FAFFC0}.RelWithDebInfo|Win32.Build.0 = RelWithDebInfo|Win32
		{59739FC9-D084-4B2E-BFEA-28D91A9BD3F8}.Debug|Win32.ActiveCfg = Debug|Win32
		{59739FC9-D084-4B2E-BFEA-28D91A9BD3F8}.Debug|Win32.Build.0 = Debug|Win32
		{59739FC9-D084-4B2E-BFEA-28D91A9BD3F8}.MinSizeRel|Win32.ActiveCfg = MinSizeRel|Win32
		{59739FC9-D084-4B2E-BFEA-28D91A9BD3F8}.MinSizeRel|Win32.Build.0 = MinSizeRel|Win32
		{59739FC9-D084-4B2E-BFEA-28D91A9BD3F8}.Release|Win32.ActiveCfg = Release|Win32
		{59739FC9-D084-4B2E-BFEA-28D91A9BD3F8}.Release|Win32.Build.0 = Release|Win32
		{59739FC9-D084-4B2E-BFEA-28D91A9BD3F8}.RelWithDebInfo|Win32.ActiveCfg = RelWithDebInfo|Win32
		{59739FC9-D084-4B2E-BFEA-28D91A9BD3F8}.RelWithDebInfo|Win32.Build.0 = RelWithDebInfo|Win32
	EndGlobalSection
	GlobalSection(SolutionProperties) = preSolution
		HideSolutionNode = FALSE
	EndGlobalSection
EndGlobal
