Microsoft Visual Studio Solution File, Format Version 9.00
# Visual Studio 2005
Project("{8BC9CEB8-8B4A-11D0-8D11-00A0C91BC942}") = "TestUnitTest++", "TestUnitTest++.vcproj", "{580F19DE-3641-4DDD-99F5-992777B8789A}"
	ProjectSection(ProjectDependencies) = postProject
		{74254CA4-A6A2-4867-87B7-5B3A77BDF044} = {74254CA4-A6A2-4867-87B7-5B3A77BDF044}
	EndProjectSection
EndProject
Project("{8BC9CEB8-8B4A-11D0-8D11-00A0C91BC942}") = "UnitTest++", "UnitTest++.vcproj", "{74254CA4-A6A2-4867-87B7-5B3A77BDF044}"
EndProject
Global
	GlobalSection(SolutionConfigurationPlatforms) = preSolution
		Debug|Win32 = Debug|Win32
		MinSizeRel|Win32 = MinSizeRel|Win32
		Release|Win32 = Release|Win32
		RelWithDebInfo|Win32 = RelWithDebInfo|Win32
	EndGlobalSection
	GlobalSection(ProjectConfigurationPlatforms) = postSolution
		{580F19DE-3641-4DDD-99F5-992777B8789A}.Debug|Win32.ActiveCfg = Debug|Win32
		{580F19DE-3641-4DDD-99F5-992777B8789A}.Debug|Win32.Build.0 = Debug|Win32
		{580F19DE-3641-4DDD-99F5-992777B8789A}.MinSizeRel|Win32.ActiveCfg = MinSizeRel|Win32
		{580F19DE-3641-4DDD-99F5-992777B8789A}.MinSizeRel|Win32.Build.0 = MinSizeRel|Win32
		{580F19DE-3641-4DDD-99F5-992777B8789A}.Release|Win32.ActiveCfg = Release|Win32
		{580F19DE-3641-4DDD-99F5-992777B8789A}.Release|Win32.Build.0 = Release|Win32
		{580F19DE-3641-4DDD-99F5-992777B8789A}.RelWithDebInfo|Win32.ActiveCfg = RelWithDebInfo|Win32
		{580F19DE-3641-4DDD-99F5-992777B8789A}.RelWithDebInfo|Win32.Build.0 = RelWithDebInfo|Win32
		{74254CA4-A6A2-4867-87B7-5B3A77BDF044}.Debug|Win32.ActiveCfg = Debug|Win32
		{74254CA4-A6A2-4867-87B7-5B3A77BDF044}.Debug|Win32.Build.0 = Debug|Win32
		{74254CA4-A6A2-4867-87B7-5B3A77BDF044}.MinSizeRel|Win32.ActiveCfg = MinSizeRel|Win32
		{74254CA4-A6A2-4867-87B7-5B3A77BDF044}.MinSizeRel|Win32.Build.0 = MinSizeRel|Win32
		{74254CA4-A6A2-4867-87B7-5B3A77BDF044}.Release|Win32.ActiveCfg = Release|Win32
		{74254CA4-A6A2-4867-87B7-5B3A77BDF044}.Release|Win32.Build.0 = Release|Win32
		{74254CA4-A6A2-4867-87B7-5B3A77BDF044}.RelWithDebInfo|Win32.ActiveCfg = RelWithDebInfo|Win32
		{74254CA4-A6A2-4867-87B7-5B3A77BDF044}.RelWithDebInfo|Win32.Build.0 = RelWithDebInfo|Win32
	EndGlobalSection
	GlobalSection(SolutionProperties) = preSolution
		HideSolutionNode = FALSE
	EndGlobalSection
EndGlobal
