<?xml version="1.0" encoding="utf-8"?>
<Project ToolsVersion="4.0" xmlns="http://schemas.microsoft.com/developer/msbuild/2003">
  <ItemGroup>
    <ClCompile Include="..\..\tests\Main.cpp" />
    <ClCompile Include="..\..\tests\TestAssertHandler.cpp" />
    <ClCompile Include="..\..\tests\TestCheckMacros.cpp" />
    <ClCompile Include="..\..\tests\TestChecks.cpp" />
    <ClCompile Include="..\..\tests\TestCompositeTestReporter.cpp" />
    <ClCompile Include="..\..\tests\TestCurrentTest.cpp" />
    <ClCompile Include="..\..\tests\TestDeferredTestReporter.cpp" />
    <ClCompile Include="..\..\tests\TestExceptions.cpp" />
    <ClCompile Include="..\..\tests\TestMemoryOutStream.cpp" />
    <ClCompile Include="..\..\tests\TestTest.cpp" />
    <ClCompile Include="..\..\tests\TestTestList.cpp" />
    <ClCompile Include="..\..\tests\TestTestMacros.cpp" />
    <ClCompile Include="..\..\tests\TestTestResults.cpp" />
    <ClCompile Include="..\..\tests\TestTestRunner.cpp" />
    <ClCompile Include="..\..\tests\TestTestSuite.cpp" />
    <ClCompile Include="..\..\tests\TestTimeConstraint.cpp" />
    <ClCompile Include="..\..\tests\TestTimeConstraintMacro.cpp" />
    <ClCompile Include="..\..\tests\TestUnitTestPP.cpp" />
    <ClCompile Include="..\..\tests\TestXmlTestReporter.cpp" />
  </ItemGroup>
  <ItemGroup>
    <ClInclude Include="..\..\tests\RecordingReporter.h" />
    <ClInclude Include="..\..\tests\ScopedCurrentTest.h" />
  </ItemGroup>
  <ItemGroup>
  </ItemGroup>
</Project>
